
Microsoft Visual Studio Solution File, Format Version 12.00
# Visual Studio Version 17
VisualStudioVersion = 17.7.34031.279
MinimumVisualStudioVersion = 10.0.40219.1
Project("{FAE04EC0-301F-11D3-BF4B-00C04F79EFBC}") = "WorkOrganizer", "WorkOrganizer\WorkOrganizer.csproj", "{B5E6A609-A08E-4268-8C26-10A390F7666E}"
EndProject
Project("{FAE04EC0-301F-11D3-BF4B-00C04F79EFBC}") = "WorkOrganizerBLL", "WorkOrganizerBLL\WorkOrganizerBLL.csproj", "{1DDC3406-3F39-42C4-BBD8-663F7DB5A501}"
EndProject
Project("{FAE04EC0-301F-11D3-BF4B-00C04F79EFBC}") = "WorkOrganizerDAL", "WorkOrganizerDAL\WorkOrganizerDAL.csproj", "{EB7EBFE5-7BEB-442E-A721-326EB36B2E43}"
EndProject
Global
	GlobalSection(SolutionConfigurationPlatforms) = preSolution
		Debug|Any CPU = Debug|Any CPU
		Release|Any CPU = Release|Any CPU
	EndGlobalSection
	GlobalSection(ProjectConfigurationPlatforms) = postSolution
		{B5E6A609-A08E-4268-8C26-10A390F7666E}.Debug|Any CPU.ActiveCfg = Debug|Any CPU
		{B5E6A609-A08E-4268-8C26-10A390F7666E}.Debug|Any CPU.Build.0 = Debug|Any CPU
		{B5E6A609-A08E-4268-8C26-10A390F7666E}.Release|Any CPU.ActiveCfg = Release|Any CPU
		{B5E6A609-A08E-4268-8C26-10A390F7666E}.Release|Any CPU.Build.0 = Release|Any CPU
		{1DDC3406-3F39-42C4-BBD8-663F7DB5A501}.Debug|Any CPU.ActiveCfg = Debug|Any CPU
		{1DDC3406-3F39-42C4-BBD8-663F7DB5A501}.Debug|Any CPU.Build.0 = Debug|Any CPU
		{1DDC3406-3F39-42C4-BBD8-663F7DB5A501}.Release|Any CPU.ActiveCfg = Release|Any CPU
		{1DDC3406-3F39-42C4-BBD8-663F7DB5A501}.Release|Any CPU.Build.0 = Release|Any CPU
		{EB7EBFE5-7BEB-442E-A721-326EB36B2E43}.Debug|Any CPU.ActiveCfg = Debug|Any CPU
		{EB7EBFE5-7BEB-442E-A721-326EB36B2E43}.Debug|Any CPU.Build.0 = Debug|Any CPU
		{EB7EBFE5-7BEB-442E-A721-326EB36B2E43}.Release|Any CPU.ActiveCfg = Release|Any CPU
		{EB7EBFE5-7BEB-442E-A721-326EB36B2E43}.Release|Any CPU.Build.0 = Release|Any CPU
	EndGlobalSection
	GlobalSection(SolutionProperties) = preSolution
		HideSolutionNode = FALSE
	EndGlobalSection
	GlobalSection(ExtensibilityGlobals) = postSolution
		SolutionGuid = {C4928619-C3A1-4EB2-A21A-05FC4E62048B}
	EndGlobalSection
EndGlobal
