
Microsoft Visual Studio Solution File, Format Version 12.00
# Visual Studio Version 17
VisualStudioVersion = 17.7.34031.279
MinimumVisualStudioVersion = 10.0.40219.1
Project("{9A19103F-16F7-4668-BE54-9A1E7A4F7556}") = "WorkOrganizerBLL", "WorkOrganizerBLL\WorkOrganizerBLL.csproj", "{1DDC3406-3F39-42C4-BBD8-663F7DB5A501}"
EndProject
Project("{9A19103F-16F7-4668-BE54-9A1E7A4F7556}") = "WorkOrganizerDAL", "WorkOrganizerDAL\WorkOrganizerDAL.csproj", "{EB7EBFE5-7BEB-442E-A721-326EB36B2E43}"
EndProject
Project("{FAE04EC0-301F-11D3-BF4B-00C04F79EFBC}") = "WorkOrganizer", "WorkOrganizer\WorkOrganizer.csproj", "{95F188C7-DBA4-48DE-9564-C7F3C0C950F4}"
EndProject
Global
	GlobalSection(SolutionConfigurationPlatforms) = preSolution
		Debug|Any CPU = Debug|Any CPU
		Release|Any CPU = Release|Any CPU
	EndGlobalSection
	GlobalSection(ProjectConfigurationPlatforms) = postSolution
		{1DDC3406-3F39-42C4-BBD8-663F7DB5A501}.Debug|Any CPU.ActiveCfg = Debug|Any CPU
		{1DDC3406-3F39-42C4-BBD8-663F7DB5A501}.Debug|Any CPU.Build.0 = Debug|Any CPU
		{1DDC3406-3F39-42C4-BBD8-663F7DB5A501}.Release|Any CPU.ActiveCfg = Release|Any CPU
		{1DDC3406-3F39-42C4-BBD8-663F7DB5A501}.Release|Any CPU.Build.0 = Release|Any CPU
		{EB7EBFE5-7BEB-442E-A721-326EB36B2E43}.Debug|Any CPU.ActiveCfg = Debug|Any CPU
		{EB7EBFE5-7BEB-442E-A721-326EB36B2E43}.Debug|Any CPU.Build.0 = Debug|Any CPU
		{EB7EBFE5-7BEB-442E-A721-326EB36B2E43}.Release|Any CPU.ActiveCfg = Release|Any CPU
		{EB7EBFE5-7BEB-442E-A721-326EB36B2E43}.Release|Any CPU.Build.0 = Release|Any CPU
		{95F188C7-DBA4-48DE-9564-C7F3C0C950F4}.Debug|Any CPU.ActiveCfg = Debug|Any CPU
		{95F188C7-DBA4-48DE-9564-C7F3C0C950F4}.Debug|Any CPU.Build.0 = Debug|Any CPU
		{95F188C7-DBA4-48DE-9564-C7F3C0C950F4}.Release|Any CPU.ActiveCfg = Release|Any CPU
		{95F188C7-DBA4-48DE-9564-C7F3C0C950F4}.Release|Any CPU.Build.0 = Release|Any CPU
	EndGlobalSection
	GlobalSection(SolutionProperties) = preSolution
		HideSolutionNode = FALSE
	EndGlobalSection
	GlobalSection(ExtensibilityGlobals) = postSolution
		SolutionGuid = {C4928619-C3A1-4EB2-A21A-05FC4E62048B}
	EndGlobalSection
EndGlobal
